{
  "name": "SuperLawVA",
  "lockfileVersion": 3,
  "requires": true,
  "packages": {
    "": {
      "dependencies": {
        "@react-spring/web": "^10.0.1",
        "@use-gesture/react": "^10.3.1"
      }
    },
    "node_modules/@react-spring/animated": {
      "version": "10.0.1",
      "resolved": "https://registry.npmjs.org/@react-spring/animated/-/animated-10.0.1.tgz",
      "integrity": "sha512-BGL3hA66Y8Qm3KmRZUlfG/mFbDPYajgil2/jOP0VXf2+o2WPVmcDps/eEgdDqgf5Pv9eBbyj7LschLMuSjlW3Q==",
      "license": "MIT",
      "dependencies": {
        "@react-spring/shared": "~10.0.1",
        "@react-spring/types": "~10.0.1"
      },
      "peerDependencies": {
        "react": "^16.8.0 || ^17.0.0 || ^18.0.0 || ^19.0.0"
      }
    },
    "node_modules/@react-spring/core": {
      "version": "10.0.1",
      "resolved": "https://registry.npmjs.org/@react-spring/core/-/core-10.0.1.tgz",
      "integrity": "sha512-KaMMsN1qHuVTsFpg/5ajAVye7OEqhYbCq0g4aKM9bnSZlDBBYpO7Uf+9eixyXN8YEbF+YXaYj9eoWDs+npZ+sA==",
      "license": "MIT",
      "dependencies": {
        "@react-spring/animated": "~10.0.1",
        "@react-spring/shared": "~10.0.1",
        "@react-spring/types": "~10.0.1"
      },
      "funding": {
        "type": "opencollective",
        "url": "https://opencollective.com/react-spring/donate"
      },
      "peerDependencies": {
        "react": "^16.8.0 || ^17.0.0 || ^18.0.0 || ^19.0.0"
      }
    },
    "node_modules/@react-spring/rafz": {
      "version": "10.0.1",
      "resolved": "https://registry.npmjs.org/@react-spring/rafz/-/rafz-10.0.1.tgz",
      "integrity": "sha512-UrzG/d6Is+9i0aCAjsjWRqIlFFiC4lFqFHrH63zK935z2YDU95TOFio4VKGISJ5SG0xq4ULy7c1V3KU+XvL+Yg==",
      "license": "MIT"
    },
    "node_modules/@react-spring/shared": {
      "version": "10.0.1",
      "resolved": "https://registry.npmjs.org/@react-spring/shared/-/shared-10.0.1.tgz",
      "integrity": "sha512-KR2tmjDShPruI/GGPfAZOOLvDgkhFseabjvxzZFFggJMPkyICLjO0J6mCIoGtdJSuHywZyc4Mmlgi+C88lS00g==",
      "license": "MIT",
      "dependencies": {
        "@react-spring/rafz": "~10.0.1",
        "@react-spring/types": "~10.0.1"
      },
      "peerDependencies": {
        "react": "^16.8.0 || ^17.0.0 || ^18.0.0 || ^19.0.0"
      }
    },
    "node_modules/@react-spring/types": {
      "version": "10.0.1",
      "resolved": "https://registry.npmjs.org/@react-spring/types/-/types-10.0.1.tgz",
      "integrity": "sha512-Fk1wYVAKL+ZTYK+4YFDpHf3Slsy59pfFFvnnTfRjQQFGlyIo4VejPtDs3CbDiuBjM135YztRyZjIH2VbycB+ZQ==",
      "license": "MIT"
    },
    "node_modules/@react-spring/web": {
      "version": "10.0.1",
      "resolved": "https://registry.npmjs.org/@react-spring/web/-/web-10.0.1.tgz",
      "integrity": "sha512-FgQk02OqFrYyJBTTnBTWAU0WPzkHkKXauc6aeexcvATvLapUxwnfGuLlsLYF8BYjEVfkivPT04ziAue6zyRBtQ==",
      "license": "MIT",
      "dependencies": {
        "@react-spring/animated": "~10.0.1",
        "@react-spring/core": "~10.0.1",
        "@react-spring/shared": "~10.0.1",
        "@react-spring/types": "~10.0.1"
      },
      "peerDependencies": {
        "react": "^16.8.0 || ^17.0.0 || ^18.0.0 || ^19.0.0",
        "react-dom": "^16.8.0 || ^17.0.0 || ^18.0.0 || ^19.0.0"
      }
    },
    "node_modules/@use-gesture/core": {
      "version": "10.3.1",
      "resolved": "https://registry.npmjs.org/@use-gesture/core/-/core-10.3.1.tgz",
      "integrity": "sha512-WcINiDt8WjqBdUXye25anHiNxPc0VOrlT8F6LLkU6cycrOGUDyY/yyFmsg3k8i5OLvv25llc0QC45GhR/C8llw==",
      "license": "MIT"
    },
    "node_modules/@use-gesture/react": {
      "version": "10.3.1",
      "resolved": "https://registry.npmjs.org/@use-gesture/react/-/react-10.3.1.tgz",
      "integrity": "sha512-Yy19y6O2GJq8f7CHf7L0nxL8bf4PZCPaVOCgJrusOeFHY1LvHgYXnmnXg6N5iwAnbgbZCDjo60SiM6IPJi9C5g==",
      "license": "MIT",
      "dependencies": {
        "@use-gesture/core": "10.3.1"
      },
      "peerDependencies": {
        "react": ">= 16.8.0"
      }
    },
    "node_modules/react": {
      "version": "19.1.0",
      "resolved": "https://registry.npmjs.org/react/-/react-19.1.0.tgz",
      "integrity": "sha512-FS+XFBNvn3GTAWq26joslQgWNoFu08F4kl0J4CgdNKADkdSGXQyTCnKteIAJy96Br6YbpEU1LSzV5dYtjMkMDg==",
      "license": "MIT",
      "peer": true,
      "engines": {
        "node": ">=0.10.0"
      }
    },
    "node_modules/react-dom": {
      "version": "19.1.0",
      "resolved": "https://registry.npmjs.org/react-dom/-/react-dom-19.1.0.tgz",
      "integrity": "sha512-Xs1hdnE+DyKgeHJeJznQmYMIBG3TKIHJJT95Q58nHLSrElKlGQqDTR2HQ9fx5CN/Gk6Vh/kupBTDLU11/nDk/g==",
      "license": "MIT",
      "peer": true,
      "dependencies": {
        "scheduler": "^0.26.0"
      },
      "peerDependencies": {
        "react": "^19.1.0"
      }
    },
    "node_modules/scheduler": {
      "version": "0.26.0",
      "resolved": "https://registry.npmjs.org/scheduler/-/scheduler-0.26.0.tgz",
      "integrity": "sha512-NlHwttCI/l5gCPR3D1nNXtWABUmBwvZpEQiD4IXSbIDq8BzLIK/7Ir5gTFSGZDUu37K5cMNp0hFtzO38sC7gWA==",
      "license": "MIT",
      "peer": true
    }
  }
}
